
Microsoft Visual Studio Solution File, Format Version 12.00
# Visual Studio 15
VisualStudioVersion = 15.0.27703.2035
MinimumVisualStudioVersion = 10.0.40219.1
Project("{FAE04EC0-301F-11D3-BF4B-00C04F79EFBC}") = "WebAPI_AngularJs_Operation", "WebAPI_AngularJs_Operation\WebAPI_AngularJs_Operation.csproj", "{C73F28A7-24E2-49FE-BA23-A1B8F9998E2C}"
EndProject
Global
	GlobalSection(SolutionConfigurationPlatforms) = preSolution
		Debug|Any CPU = Debug|Any CPU
		Release|Any CPU = Release|Any CPU
	EndGlobalSection
	GlobalSection(ProjectConfigurationPlatforms) = postSolution
		{C73F28A7-24E2-49FE-BA23-A1B8F9998E2C}.Debug|Any CPU.ActiveCfg = Debug|Any CPU
		{C73F28A7-24E2-49FE-BA23-A1B8F9998E2C}.Debug|Any CPU.Build.0 = Debug|Any CPU
		{C73F28A7-24E2-49FE-BA23-A1B8F9998E2C}.Release|Any CPU.ActiveCfg = Release|Any CPU
		{C73F28A7-24E2-49FE-BA23-A1B8F9998E2C}.Release|Any CPU.Build.0 = Release|Any CPU
	EndGlobalSection
	GlobalSection(SolutionProperties) = preSolution
		HideSolutionNode = FALSE
	EndGlobalSection
	GlobalSection(ExtensibilityGlobals) = postSolution
		SolutionGuid = {E340FDAD-DB6C-4BE5-A10F-050531407EA5}
	EndGlobalSection
EndGlobal
